// !$*UTF8*$!
{
	archiveVersion = 1;
	classes = {
	};
	objectVersion = 46;
	objects = {

/* Begin PBXBuildFile section */
		BA3D86C61DF68EDA00FA62C0 /* AppDelegate.m in Sources */ = {isa = PBXBuildFile; fileRef = BA3D86BB1DF68EDA00FA62C0 /* AppDelegate.m */; };
		BA3D86C71DF68EDA00FA62C0 /* Assets.xcassets in Resources */ = {isa = PBXBuildFile; fileRef = BA3D86BC1DF68EDA00FA62C0 /* Assets.xcassets */; };
		BA3D86C81DF68EDA00FA62C0 /* LaunchScreen.storyboard in Resources */ = {isa = PBXBuildFile; fileRef = BA3D86BE1DF68EDA00FA62C0 /* LaunchScreen.storyboard */; };
		BA3D86C91DF68EDA00FA62C0 /* Main.storyboard in Resources */ = {isa = PBXBuildFile; fileRef = BA3D86C01DF68EDA00FA62C0 /* Main.storyboard */; };
		BA3D86CA1DF68EDA00FA62C0 /* Info.plist in Resources */ = {isa = PBXBuildFile; fileRef = BA3D86C21DF68EDA00FA62C0 /* Info.plist */; };
		BA3D86CB1DF68EDA00FA62C0 /* main.m in Sources */ = {isa = PBXBuildFile; fileRef = BA3D86C31DF68EDA00FA62C0 /* main.m */; };
		BA3D86CC1DF68EDA00FA62C0 /* ViewController.m in Sources */ = {isa = PBXBuildFile; fileRef = BA3D86C51DF68EDA00FA62C0 /* ViewController.m */; };
		BA3D86CF1DF68EF000FA62C0 /* GRMHeatmap.m in Sources */ = {isa = PBXBuildFile; fileRef = BA3D86CE1DF68EF000FA62C0 /* GRMHeatmap.m */; };
		BA94442D1DF696C8004093B3 /* UIView+GRMHeatmap.m in Sources */ = {isa = PBXBuildFile; fileRef = BA94442C1DF696C8004093B3 /* UIView+GRMHeatmap.m */; };
		BAACA4061DF6E4EF00BF4C91 /* .gitignore in Resources */ = {isa = PBXBuildFile; fileRef = BAACA4051DF6E4EF00BF4C91 /* .gitignore */; };
/* End PBXBuildFile section */

/* Begin PBXFileReference section */
		BA3D869F1DF68E6700FA62C0 /* ios-heatmap-lib.app */ = {isa = PBXFileReference; explicitFileType = wrapper.application; includeInIndex = 0; path = "ios-heatmap-lib.app"; sourceTree = BUILT_PRODUCTS_DIR; };
		BA3D86BA1DF68EDA00FA62C0 /* AppDelegate.h */ = {isa = PBXFileReference; fileEncoding = 4; lastKnownFileType = sourcecode.c.h; name = AppDelegate.h; path = "sample-project/AppDelegate.h"; sourceTree = "<group>"; };
		BA3D86BB1DF68EDA00FA62C0 /* AppDelegate.m */ = {isa = PBXFileReference; fileEncoding = 4; lastKnownFileType = sourcecode.c.objc; name = AppDelegate.m; path = "sample-project/AppDelegate.m"; sourceTree = "<group>"; };
		BA3D86BC1DF68EDA00FA62C0 /* Assets.xcassets */ = {isa = PBXFileReference; lastKnownFileType = folder.assetcatalog; name = Assets.xcassets; path = "sample-project/Assets.xcassets"; sourceTree = "<group>"; };
		BA3D86BF1DF68EDA00FA62C0 /* Base */ = {isa = PBXFileReference; lastKnownFileType = file.storyboard; name = Base; path = LaunchScreen.storyboard; sourceTree = "<group>"; };
		BA3D86C11DF68EDA00FA62C0 /* Base */ = {isa = PBXFileReference; lastKnownFileType = file.storyboard; name = Base; path = Main.storyboard; sourceTree = "<group>"; };
		BA3D86C21DF68EDA00FA62C0 /* Info.plist */ = {isa = PBXFileReference; fileEncoding = 4; lastKnownFileType = text.plist.xml; name = Info.plist; path = "sample-project/Info.plist"; sourceTree = "<group>"; };
		BA3D86C31DF68EDA00FA62C0 /* main.m */ = {isa = PBXFileReference; fileEncoding = 4; lastKnownFileType = sourcecode.c.objc; name = main.m; path = "sample-project/main.m"; sourceTree = "<group>"; };
		BA3D86C41DF68EDA00FA62C0 /* ViewController.h */ = {isa = PBXFileReference; fileEncoding = 4; lastKnownFileType = sourcecode.c.h; name = ViewController.h; path = "sample-project/ViewController.h"; sourceTree = "<group>"; };
		BA3D86C51DF68EDA00FA62C0 /* ViewController.m */ = {isa = PBXFileReference; fileEncoding = 4; lastKnownFileType = sourcecode.c.objc; name = ViewController.m; path = "sample-project/ViewController.m"; sourceTree = "<group>"; };
		BA3D86CD1DF68EF000FA62C0 /* GRMHeatmap.h */ = {isa = PBXFileReference; fileEncoding = 4; lastKnownFileType = sourcecode.c.h; path = GRMHeatmap.h; sourceTree = "<group>"; };
		BA3D86CE1DF68EF000FA62C0 /* GRMHeatmap.m */ = {isa = PBXFileReference; fileEncoding = 4; lastKnownFileType = sourcecode.c.objc; path = GRMHeatmap.m; sourceTree = "<group>"; };
		BA94442B1DF696C8004093B3 /* UIView+GRMHeatmap.h */ = {isa = PBXFileReference; fileEncoding = 4; lastKnownFileType = sourcecode.c.h; path = "UIView+GRMHeatmap.h"; sourceTree = "<group>"; };
		BA94442C1DF696C8004093B3 /* UIView+GRMHeatmap.m */ = {isa = PBXFileReference; fileEncoding = 4; lastKnownFileType = sourcecode.c.objc; path = "UIView+GRMHeatmap.m"; sourceTree = "<group>"; };
		BAACA4051DF6E4EF00BF4C91 /* .gitignore */ = {isa = PBXFileReference; fileEncoding = 4; lastKnownFileType = text; path = .gitignore; sourceTree = "<group>"; };
/* End PBXFileReference section */

/* Begin PBXFrameworksBuildPhase section */
		BA3D869C1DF68E6700FA62C0 /* Frameworks */ = {
			isa = PBXFrameworksBuildPhase;
			buildActionMask = 2147483647;
			files = (
			);
			runOnlyForDeploymentPostprocessing = 0;
		};
/* End PBXFrameworksBuildPhase section */

/* Begin PBXGroup section */
		BA3D86961DF68E6600FA62C0 = {
			isa = PBXGroup;
			children = (
				BAACA4051DF6E4EF00BF4C91 /* .gitignore */,
				BA3D86B91DF68E7A00FA62C0 /* sample-project */,
				BA3D86A11DF68E6700FA62C0 /* ios-heatmap-lib */,
				BA3D86A01DF68E6700FA62C0 /* Products */,
			);
			sourceTree = "<group>";
		};
		BA3D86A01DF68E6700FA62C0 /* Products */ = {
			isa = PBXGroup;
			children = (
				BA3D869F1DF68E6700FA62C0 /* ios-heatmap-lib.app */,
			);
			name = Products;
			sourceTree = "<group>";
		};
		BA3D86A11DF68E6700FA62C0 /* ios-heatmap-lib */ = {
			isa = PBXGroup;
			children = (
				BA3D86CD1DF68EF000FA62C0 /* GRMHeatmap.h */,
				BA3D86CE1DF68EF000FA62C0 /* GRMHeatmap.m */,
				BA94442B1DF696C8004093B3 /* UIView+GRMHeatmap.h */,
				BA94442C1DF696C8004093B3 /* UIView+GRMHeatmap.m */,
			);
			path = "ios-heatmap-lib";
			sourceTree = "<group>";
		};
		BA3D86B91DF68E7A00FA62C0 /* sample-project */ = {
			isa = PBXGroup;
			children = (
				BA3D86BA1DF68EDA00FA62C0 /* AppDelegate.h */,
				BA3D86BB1DF68EDA00FA62C0 /* AppDelegate.m */,
				BA3D86BC1DF68EDA00FA62C0 /* Assets.xcassets */,
				BA3D86BD1DF68EDA00FA62C0 /* Base.lproj */,
				BA3D86C21DF68EDA00FA62C0 /* Info.plist */,
				BA3D86C31DF68EDA00FA62C0 /* main.m */,
				BA3D86C41DF68EDA00FA62C0 /* ViewController.h */,
				BA3D86C51DF68EDA00FA62C0 /* ViewController.m */,
			);
			name = "sample-project";
			sourceTree = "<group>";
		};
		BA3D86BD1DF68EDA00FA62C0 /* Base.lproj */ = {
			isa = PBXGroup;
			children = (
				BA3D86BE1DF68EDA00FA62C0 /* LaunchScreen.storyboard */,
				BA3D86C01DF68EDA00FA62C0 /* Main.storyboard */,
			);
			name = Base.lproj;
			path = "sample-project/Base.lproj";
			sourceTree = "<group>";
		};
/* End PBXGroup section */

/* Begin PBXNativeTarget section */
		BA3D869E1DF68E6700FA62C0 /* ios-heatmap-lib */ = {
			isa = PBXNativeTarget;
			buildConfigurationList = BA3D86B61DF68E6700FA62C0 /* Build configuration list for PBXNativeTarget "ios-heatmap-lib" */;
			buildPhases = (
				BA3D869B1DF68E6700FA62C0 /* Sources */,
				BA3D869C1DF68E6700FA62C0 /* Frameworks */,
				BA3D869D1DF68E6700FA62C0 /* Resources */,
			);
			buildRules = (
			);
			dependencies = (
			);
			name = "ios-heatmap-lib";
			productName = "ios-heatmap-lib";
			productReference = BA3D869F1DF68E6700FA62C0 /* ios-heatmap-lib.app */;
			productType = "com.apple.product-type.application";
		};
/* End PBXNativeTarget section */

/* Begin PBXProject section */
		BA3D86971DF68E6600FA62C0 /* Project object */ = {
			isa = PBXProject;
			attributes = {
				LastUpgradeCheck = 0810;
				ORGANIZATIONNAME = "Shakhzod Ikromov";
				TargetAttributes = {
					BA3D869E1DF68E6700FA62C0 = {
						CreatedOnToolsVersion = 8.1;
						ProvisioningStyle = Automatic;
					};
				};
			};
			buildConfigurationList = BA3D869A1DF68E6600FA62C0 /* Build configuration list for PBXProject "ios-heatmap-lib" */;
			compatibilityVersion = "Xcode 3.2";
			developmentRegion = English;
			hasScannedForEncodings = 0;
			knownRegions = (
				en,
				Base,
			);
			mainGroup = BA3D86961DF68E6600FA62C0;
			productRefGroup = BA3D86A01DF68E6700FA62C0 /* Products */;
			projectDirPath = "";
			projectRoot = "";
			targets = (
				BA3D869E1DF68E6700FA62C0 /* ios-heatmap-lib */,
			);
		};
/* End PBXProject section */

/* Begin PBXResourcesBuildPhase section */
		BA3D869D1DF68E6700FA62C0 /* Resources */ = {
			isa = PBXResourcesBuildPhase;
			buildActionMask = 2147483647;
			files = (
				BAACA4061DF6E4EF00BF4C91 /* .gitignore in Resources */,
				BA3D86CA1DF68EDA00FA62C0 /* Info.plist in Resources */,
				BA3D86C91DF68EDA00FA62C0 /* Main.storyboard in Resources */,
				BA3D86C71DF68EDA00FA62C0 /* Assets.xcassets in Resources */,
				BA3D86C81DF68EDA00FA62C0 /* LaunchScreen.storyboard in Resources */,
			);
			runOnlyForDeploymentPostprocessing = 0;
		};
/* End PBXResourcesBuildPhase section */

/* Begin PBXSourcesBuildPhase section */
		BA3D869B1DF68E6700FA62C0 /* Sources */ = {
			isa = PBXSourcesBuildPhase;
			buildActionMask = 2147483647;
			files = (
				BA3D86CC1DF68EDA00FA62C0 /* ViewController.m in Sources */,
				BA94442D1DF696C8004093B3 /* UIView+GRMHeatmap.m in Sources */,
				BA3D86CF1DF68EF000FA62C0 /* GRMHeatmap.m in Sources */,
				BA3D86CB1DF68EDA00FA62C0 /* main.m in Sources */,
				BA3D86C61DF68EDA00FA62C0 /* AppDelegate.m in Sources */,
			);
			runOnlyForDeploymentPostprocessing = 0;
		};
/* End PBXSourcesBuildPhase section */

/* Begin PBXVariantGroup section */
		BA3D86BE1DF68EDA00FA62C0 /* LaunchScreen.storyboard */ = {
			isa = PBXVariantGroup;
			children = (
				BA3D86BF1DF68EDA00FA62C0 /* Base */,
			);
			name = LaunchScreen.storyboard;
			sourceTree = "<group>";
		};
		BA3D86C01DF68EDA00FA62C0 /* Main.storyboard */ = {
			isa = PBXVariantGroup;
			children = (
				BA3D86C11DF68EDA00FA62C0 /* Base */,
			);
			name = Main.storyboard;
			sourceTree = "<group>";
		};
/* End PBXVariantGroup section */

/* Begin XCBuildConfiguration section */
		BA3D86B41DF68E6700FA62C0 /* Debug */ = {
			isa = XCBuildConfiguration;
			buildSettings = {
				ALWAYS_SEARCH_USER_PATHS = NO;
				CLANG_ANALYZER_NONNULL = YES;
				CLANG_CXX_LANGUAGE_STANDARD = "gnu++0x";
				CLANG_CXX_LIBRARY = "libc++";
				CLANG_ENABLE_MODULES = YES;
				CLANG_ENABLE_OBJC_ARC = YES;
				CLANG_WARN_BOOL_CONVERSION = YES;
				CLANG_WARN_CONSTANT_CONVERSION = YES;
				CLANG_WARN_DIRECT_OBJC_ISA_USAGE = YES_ERROR;
				CLANG_WARN_DOCUMENTATION_COMMENTS = YES;
				CLANG_WARN_EMPTY_BODY = YES;
				CLANG_WARN_ENUM_CONVERSION = YES;
				CLANG_WARN_INFINITE_RECURSION = YES;
				CLANG_WARN_INT_CONVERSION = YES;
				CLANG_WARN_OBJC_ROOT_CLASS = YES_ERROR;
				CLANG_WARN_SUSPICIOUS_MOVES = YES;
				CLANG_WARN_UNREACHABLE_CODE = YES;
				CLANG_WARN__DUPLICATE_METHOD_MATCH = YES;
				"CODE_SIGN_IDENTITY[sdk=iphoneos*]" = "iPhone Developer";
				COPY_PHASE_STRIP = NO;
				DEBUG_INFORMATION_FORMAT = dwarf;
				ENABLE_STRICT_OBJC_MSGSEND = YES;
				ENABLE_TESTABILITY = YES;
				GCC_C_LANGUAGE_STANDARD = gnu99;
				GCC_DYNAMIC_NO_PIC = NO;
				GCC_NO_COMMON_BLOCKS = YES;
				GCC_OPTIMIZATION_LEVEL = 0;
				GCC_PREPROCESSOR_DEFINITIONS = (
					"DEBUG=1",
					"$(inherited)",
				);
				GCC_WARN_64_TO_32_BIT_CONVERSION = YES;
				GCC_WARN_ABOUT_RETURN_TYPE = YES_ERROR;
				GCC_WARN_UNDECLARED_SELECTOR = YES;
				GCC_WARN_UNINITIALIZED_AUTOS = YES_AGGRESSIVE;
				GCC_WARN_UNUSED_FUNCTION = YES;
				GCC_WARN_UNUSED_VARIABLE = YES;
				IPHONEOS_DEPLOYMENT_TARGET = 10.1;
				MTL_ENABLE_DEBUG_INFO = YES;
				ONLY_ACTIVE_ARCH = YES;
				SDKROOT = iphoneos;
				TARGETED_DEVICE_FAMILY = "1,2";
			};
			name = Debug;
		};
		BA3D86B51DF68E6700FA62C0 /* Release */ = {
			isa = XCBuildConfiguration;
			buildSettings = {
				ALWAYS_SEARCH_USER_PATHS = NO;
				CLANG_ANALYZER_NONNULL = YES;
				CLANG_CXX_LANGUAGE_STANDARD = "gnu++0x";
				CLANG_CXX_LIBRARY = "libc++";
				CLANG_ENABLE_MODULES = YES;
				CLANG_ENABLE_OBJC_ARC = YES;
				CLANG_WARN_BOOL_CONVERSION = YES;
				CLANG_WARN_CONSTANT_CONVERSION = YES;
				CLANG_WARN_DIRECT_OBJC_ISA_USAGE = YES_ERROR;
				CLANG_WARN_DOCUMENTATION_COMMENTS = YES;
				CLANG_WARN_EMPTY_BODY = YES;
				CLANG_WARN_ENUM_CONVERSION = YES;
				CLANG_WARN_INFINITE_RECURSION = YES;
				CLANG_WARN_INT_CONVERSION = YES;
				CLANG_WARN_OBJC_ROOT_CLASS = YES_ERROR;
				CLANG_WARN_SUSPICIOUS_MOVES = YES;
				CLANG_WARN_UNREACHABLE_CODE = YES;
				CLANG_WARN__DUPLICATE_METHOD_MATCH = YES;
				"CODE_SIGN_IDENTITY[sdk=iphoneos*]" = "iPhone Developer";
				COPY_PHASE_STRIP = NO;
				DEBUG_INFORMATION_FORMAT = "dwarf-with-dsym";
				ENABLE_NS_ASSERTIONS = NO;
				ENABLE_STRICT_OBJC_MSGSEND = YES;
				GCC_C_LANGUAGE_STANDARD = gnu99;
				GCC_NO_COMMON_BLOCKS = YES;
				GCC_WARN_64_TO_32_BIT_CONVERSION = YES;
				GCC_WARN_ABOUT_RETURN_TYPE = YES_ERROR;
				GCC_WARN_UNDECLARED_SELECTOR = YES;
				GCC_WARN_UNINITIALIZED_AUTOS = YES_AGGRESSIVE;
				GCC_WARN_UNUSED_FUNCTION = YES;
				GCC_WARN_UNUSED_VARIABLE = YES;
				IPHONEOS_DEPLOYMENT_TARGET = 10.1;
				MTL_ENABLE_DEBUG_INFO = NO;
				SDKROOT = iphoneos;
				TARGETED_DEVICE_FAMILY = "1,2";
				VALIDATE_PRODUCT = YES;
			};
			name = Release;
		};
		BA3D86B71DF68E6700FA62C0 /* Debug */ = {
			isa = XCBuildConfiguration;
			buildSettings = {
				ASSETCATALOG_COMPILER_APPICON_NAME = AppIcon;
				INFOPLIST_FILE = "sample-project/Info.plist";
				LD_RUNPATH_SEARCH_PATHS = "$(inherited) @executable_path/Frameworks";
				PRODUCT_BUNDLE_IDENTIFIER = "com.grime2d.ios-heatmap-lib";
				PRODUCT_NAME = "$(TARGET_NAME)";
			};
			name = Debug;
		};
		BA3D86B81DF68E6700FA62C0 /* Release */ = {
			isa = XCBuildConfiguration;
			buildSettings = {
				ASSETCATALOG_COMPILER_APPICON_NAME = AppIcon;
				INFOPLIST_FILE = "sample-project/Info.plist";
				LD_RUNPATH_SEARCH_PATHS = "$(inherited) @executable_path/Frameworks";
				PRODUCT_BUNDLE_IDENTIFIER = "com.grime2d.ios-heatmap-lib";
				PRODUCT_NAME = "$(TARGET_NAME)";
			};
			name = Release;
		};
/* End XCBuildConfiguration section */

/* Begin XCConfigurationList section */
		BA3D869A1DF68E6600FA62C0 /* Build configuration list for PBXProject "ios-heatmap-lib" */ = {
			isa = XCConfigurationList;
			buildConfigurations = (
				BA3D86B41DF68E6700FA62C0 /* Debug */,
				BA3D86B51DF68E6700FA62C0 /* Release */,
			);
			defaultConfigurationIsVisible = 0;
			defaultConfigurationName = Release;
		};
		BA3D86B61DF68E6700FA62C0 /* Build configuration list for PBXNativeTarget "ios-heatmap-lib" */ = {
			isa = XCConfigurationList;
			buildConfigurations = (
				BA3D86B71DF68E6700FA62C0 /* Debug */,
				BA3D86B81DF68E6700FA62C0 /* Release */,
			);
			defaultConfigurationIsVisible = 0;
			defaultConfigurationName = Release;
		};
/* End XCConfigurationList section */
	};
	rootObject = BA3D86971DF68E6600FA62C0 /* Project object */;
}
